
Microsoft Visual Studio Solution File, Format Version 12.00
# Visual Studio 15
VisualStudioVersion = 15.0.28307.1300
MinimumVisualStudioVersion = 10.0.40219.1
Project("{FAE04EC0-301F-11D3-BF4B-00C04F79EFBC}") = "AddressBookRestSharpAPI", "AddressBookRestSharpAPI\AddressBookRestSharpAPI.csproj", "{24A4B2A2-D880-4531-97BE-8126B4943C01}"
EndProject
Global
	GlobalSection(SolutionConfigurationPlatforms) = preSolution
		Debug|Any CPU = Debug|Any CPU
		Release|Any CPU = Release|Any CPU
	EndGlobalSection
	GlobalSection(ProjectConfigurationPlatforms) = postSolution
		{24A4B2A2-D880-4531-97BE-8126B4943C01}.Debug|Any CPU.ActiveCfg = Debug|Any CPU
		{24A4B2A2-D880-4531-97BE-8126B4943C01}.Debug|Any CPU.Build.0 = Debug|Any CPU
		{24A4B2A2-D880-4531-97BE-8126B4943C01}.Release|Any CPU.ActiveCfg = Release|Any CPU
		{24A4B2A2-D880-4531-97BE-8126B4943C01}.Release|Any CPU.Build.0 = Release|Any CPU
	EndGlobalSection
	GlobalSection(SolutionProperties) = preSolution
		HideSolutionNode = FALSE
	EndGlobalSection
	GlobalSection(ExtensibilityGlobals) = postSolution
		SolutionGuid = {5C5D0912-E919-4404-B510-6B5338AE6F6D}
	EndGlobalSection
EndGlobal
